
Microsoft Visual Studio Solution File, Format Version 12.00
# Visual Studio Version 17
VisualStudioVersion = 17.2.32630.192
MinimumVisualStudioVersion = 10.0.40219.1
Project("{FAE04EC0-301F-11D3-BF4B-00C04F79EFBC}") = "WebApplication1", "WebApplication1.csproj", "{7BF720F4-D253-4659-A7E6-99BF5EA4D6A1}"
EndProject
Global
	GlobalSection(SolutionConfigurationPlatforms) = preSolution
		Debug|Any CPU = Debug|Any CPU
		Release|Any CPU = Release|Any CPU
	EndGlobalSection
	GlobalSection(ProjectConfigurationPlatforms) = postSolution
		{7BF720F4-D253-4659-A7E6-99BF5EA4D6A1}.Debug|Any CPU.ActiveCfg = Debug|Any CPU
		{7BF720F4-D253-4659-A7E6-99BF5EA4D6A1}.Debug|Any CPU.Build.0 = Debug|Any CPU
		{7BF720F4-D253-4659-A7E6-99BF5EA4D6A1}.Release|Any CPU.ActiveCfg = Release|Any CPU
		{7BF720F4-D253-4659-A7E6-99BF5EA4D6A1}.Release|Any CPU.Build.0 = Release|Any CPU
	EndGlobalSection
	GlobalSection(SolutionProperties) = preSolution
		HideSolutionNode = FALSE
	EndGlobalSection
	GlobalSection(ExtensibilityGlobals) = postSolution
		SolutionGuid = {F88578BB-6A2D-4A3D-AE58-015C539609AE}
	EndGlobalSection
EndGlobal
